
Microsoft Visual Studio Solution File, Format Version 12.00
# Visual Studio Version 17
VisualStudioVersion = 17.8.34330.188
MinimumVisualStudioVersion = 10.0.40219.1
Project("{2150E333-8FDC-42A3-9474-1A3956D46DE8}") = "BL", "BL", "{DE52391B-3C38-43B3-8B63-53E5C88DCDD5}"
EndProject
Project("{2150E333-8FDC-42A3-9474-1A3956D46DE8}") = "DAL", "DAL", "{4AEB5DA7-5DD7-4C1F-920C-1CA01E413DC0}"
EndProject
Project("{2150E333-8FDC-42A3-9474-1A3956D46DE8}") = "PL", "PL", "{010B658F-2072-42EA-9297-65FCFE0A3C9C}"
EndProject
Project("{FAE04EC0-301F-11D3-BF4B-00C04F79EFBC}") = "DefaultCRUDGRX.API", "CRUD.API\DefaultCRUDGRX.API.csproj", "{CAF70CF5-E72C-4BB2-821E-13D07A7FD59A}"
EndProject
Project("{FAE04EC0-301F-11D3-BF4B-00C04F79EFBC}") = "DefaultCRUDGRX.DAL", "DAL\DefaultCRUDGRX.DAL.csproj", "{0130A36D-44DA-4CA4-9929-101698AD813E}"
EndProject
Project("{FAE04EC0-301F-11D3-BF4B-00C04F79EFBC}") = "DefaultCRUDGRX.BL", "DefaultCRUDGRX.BL\DefaultCRUDGRX.BL.csproj", "{269B7C99-6E39-4F45-B7D5-6E4E3E2BB680}"
EndProject
Global
	GlobalSection(SolutionConfigurationPlatforms) = preSolution
		Debug|Any CPU = Debug|Any CPU
		Release|Any CPU = Release|Any CPU
	EndGlobalSection
	GlobalSection(ProjectConfigurationPlatforms) = postSolution
		{CAF70CF5-E72C-4BB2-821E-13D07A7FD59A}.Debug|Any CPU.ActiveCfg = Debug|Any CPU
		{CAF70CF5-E72C-4BB2-821E-13D07A7FD59A}.Debug|Any CPU.Build.0 = Debug|Any CPU
		{CAF70CF5-E72C-4BB2-821E-13D07A7FD59A}.Release|Any CPU.ActiveCfg = Release|Any CPU
		{CAF70CF5-E72C-4BB2-821E-13D07A7FD59A}.Release|Any CPU.Build.0 = Release|Any CPU
		{0130A36D-44DA-4CA4-9929-101698AD813E}.Debug|Any CPU.ActiveCfg = Debug|Any CPU
		{0130A36D-44DA-4CA4-9929-101698AD813E}.Debug|Any CPU.Build.0 = Debug|Any CPU
		{0130A36D-44DA-4CA4-9929-101698AD813E}.Release|Any CPU.ActiveCfg = Release|Any CPU
		{0130A36D-44DA-4CA4-9929-101698AD813E}.Release|Any CPU.Build.0 = Release|Any CPU
		{269B7C99-6E39-4F45-B7D5-6E4E3E2BB680}.Debug|Any CPU.ActiveCfg = Debug|Any CPU
		{269B7C99-6E39-4F45-B7D5-6E4E3E2BB680}.Debug|Any CPU.Build.0 = Debug|Any CPU
		{269B7C99-6E39-4F45-B7D5-6E4E3E2BB680}.Release|Any CPU.ActiveCfg = Release|Any CPU
		{269B7C99-6E39-4F45-B7D5-6E4E3E2BB680}.Release|Any CPU.Build.0 = Release|Any CPU
	EndGlobalSection
	GlobalSection(SolutionProperties) = preSolution
		HideSolutionNode = FALSE
	EndGlobalSection
	GlobalSection(NestedProjects) = preSolution
		{CAF70CF5-E72C-4BB2-821E-13D07A7FD59A} = {010B658F-2072-42EA-9297-65FCFE0A3C9C}
		{0130A36D-44DA-4CA4-9929-101698AD813E} = {4AEB5DA7-5DD7-4C1F-920C-1CA01E413DC0}
		{269B7C99-6E39-4F45-B7D5-6E4E3E2BB680} = {DE52391B-3C38-43B3-8B63-53E5C88DCDD5}
	EndGlobalSection
	GlobalSection(ExtensibilityGlobals) = postSolution
		SolutionGuid = {759DABAC-7BC4-423C-A01E-19752BAE8166}
	EndGlobalSection
EndGlobal
